
Microsoft Visual Studio Solution File, Format Version 12.00
# Visual Studio Version 17
VisualStudioVersion = 17.7.34221.43
MinimumVisualStudioVersion = 10.0.40219.1
Project("{888888A0-9F3D-457C-B088-3A5042F75D52}") = "TablaDeMultilplicarIteración-Python", "TablaDeMultilplicarIteración-Python\TablaDeMultilplicarIteración-Python.pyproj", "{012F036C-9191-47D1-BEFD-A73E2EC16E50}"
EndProject
Global
	GlobalSection(SolutionConfigurationPlatforms) = preSolution
		Debug|Any CPU = Debug|Any CPU
		Release|Any CPU = Release|Any CPU
	EndGlobalSection
	GlobalSection(ProjectConfigurationPlatforms) = postSolution
		{012F036C-9191-47D1-BEFD-A73E2EC16E50}.Debug|Any CPU.ActiveCfg = Debug|Any CPU
		{012F036C-9191-47D1-BEFD-A73E2EC16E50}.Release|Any CPU.ActiveCfg = Release|Any CPU
	EndGlobalSection
	GlobalSection(SolutionProperties) = preSolution
		HideSolutionNode = FALSE
	EndGlobalSection
	GlobalSection(ExtensibilityGlobals) = postSolution
		SolutionGuid = {F729B452-B766-4CB6-99C7-AF949CE776DC}
	EndGlobalSection
EndGlobal
